
Microsoft Visual Studio Solution File, Format Version 12.00
# Visual Studio 15
VisualStudioVersion = 15.0.27428.2037
MinimumVisualStudioVersion = 10.0.40219.1
Project("{FAE04EC0-301F-11D3-BF4B-00C04F79EFBC}") = "DemoLoginProject", "DemoLoginProject\DemoLoginProject.csproj", "{22946F3B-293D-4139-AC9B-94442E288B44}"
EndProject
Global
	GlobalSection(SolutionConfigurationPlatforms) = preSolution
		Debug|Any CPU = Debug|Any CPU
		Release|Any CPU = Release|Any CPU
	EndGlobalSection
	GlobalSection(ProjectConfigurationPlatforms) = postSolution
		{22946F3B-293D-4139-AC9B-94442E288B44}.Debug|Any CPU.ActiveCfg = Debug|Any CPU
		{22946F3B-293D-4139-AC9B-94442E288B44}.Debug|Any CPU.Build.0 = Debug|Any CPU
		{22946F3B-293D-4139-AC9B-94442E288B44}.Release|Any CPU.ActiveCfg = Release|Any CPU
		{22946F3B-293D-4139-AC9B-94442E288B44}.Release|Any CPU.Build.0 = Release|Any CPU
	EndGlobalSection
	GlobalSection(SolutionProperties) = preSolution
		HideSolutionNode = FALSE
	EndGlobalSection
	GlobalSection(ExtensibilityGlobals) = postSolution
		SolutionGuid = {C228AAC8-BF97-48AC-AB39-0194A7745387}
	EndGlobalSection
EndGlobal
